{
  "projects": [
    {
      "projectId": "gmeH6XgPaBtkt51HunAo4g",
      "version": "18.14.0",
      "dependencies": {},
      "lang": "js",
      "fileLocks": [
        {
          "assetId": "gmeH6XgPaBtkt51HunAo4g",
          "type": "projectCss",
          "checksum": "1c02168c6b23256606111fdfdbb63549"
        }
      ],
      "codegenVersion": "0.0.1"
    },
    {
      "projectId": "cqPqdm5dVjtUHr8PKgNf76",
      "version": "latest",
      "dependencies": {
        "gmeH6XgPaBtkt51HunAo4g": "18.14.0",
        "caTPwKxj5ZrD9LQ7DMdK4Z": "3.40.0"
      },
      "lang": "js",
      "fileLocks": [
        {
          "type": "globalVariant",
          "assetId": "zuTKMnQwKg75",
          "checksum": "1c761a8b916709770bce4438d7ebce8c"
        },
        {
          "type": "renderModule",
          "assetId": "7c8JTkcRRgMQ",
          "checksum": "52df83f4cf03ee4b2e39a0be4846f132"
        },
        {
          "type": "cssRules",
          "assetId": "7c8JTkcRRgMQ",
          "checksum": "52df83f4cf03ee4b2e39a0be4846f132"
        },
        {
          "type": "renderModule",
          "assetId": "zfaRL9tc0WRN",
          "checksum": "3b18f996a9843e1572becb9ea93b12fd"
        },
        {
          "type": "cssRules",
          "assetId": "zfaRL9tc0WRN",
          "checksum": "3b18f996a9843e1572becb9ea93b12fd"
        },
        {
          "type": "renderModule",
          "assetId": "FvU-3972RyV7",
          "checksum": "cf1052708abfcf285469c5d66b532f17"
        },
        {
          "type": "cssRules",
          "assetId": "FvU-3972RyV7",
          "checksum": "cf1052708abfcf285469c5d66b532f17"
        },
        {
          "type": "icon",
          "assetId": "wgNaK95HfsnE",
          "checksum": "596237d9d8743c6db2dfbc0207d9ae02"
        },
        {
          "type": "icon",
          "assetId": "hUEz_fXzmGbG",
          "checksum": "36cf8deabcf5a5e3c1104ee2d7bd525e"
        },
        {
          "type": "image",
          "assetId": "qQ59DsOMQvkU",
          "checksum": "93a59f56f7d51c71bdefa65e19779663"
        },
        {
          "type": "image",
          "assetId": "G9LHaxPAYvOK",
          "checksum": "2a304fb559485437d6f4c9de97d8158b"
        },
        {
          "assetId": "cqPqdm5dVjtUHr8PKgNf76",
          "type": "projectCss",
          "checksum": "922b3e459ca3680317cec23b5eafff61"
        }
      ],
      "codegenVersion": "0.0.1"
    },
    {
      "projectId": "caTPwKxj5ZrD9LQ7DMdK4Z",
      "version": "3.40.0",
      "dependencies": {},
      "lang": "js",
      "fileLocks": [
        {
          "assetId": "caTPwKxj5ZrD9LQ7DMdK4Z",
          "type": "projectCss",
          "checksum": "1c02168c6b23256606111fdfdbb63549"
        }
      ],
      "codegenVersion": "0.0.1"
    }
  ],
  "cliVersion": "0.1.335"
}
